
Microsoft Visual Studio Solution File, Format Version 12.00
# Visual Studio Version 17
VisualStudioVersion = 17.11.35222.181
MinimumVisualStudioVersion = 10.0.40219.1
Project("{9A19103F-16F7-4668-BE54-9A1E7A4F7556}") = "FociWebApplication", "FociWebApplication\FociWebApplication.csproj", "{9B836E32-804C-404D-B645-AA46CB4EE908}"
EndProject
Global
	GlobalSection(SolutionConfigurationPlatforms) = preSolution
		Debug|Any CPU = Debug|Any CPU
		Release|Any CPU = Release|Any CPU
	EndGlobalSection
	GlobalSection(ProjectConfigurationPlatforms) = postSolution
		{9B836E32-804C-404D-B645-AA46CB4EE908}.Debug|Any CPU.ActiveCfg = Debug|Any CPU
		{9B836E32-804C-404D-B645-AA46CB4EE908}.Debug|Any CPU.Build.0 = Debug|Any CPU
		{9B836E32-804C-404D-B645-AA46CB4EE908}.Release|Any CPU.ActiveCfg = Release|Any CPU
		{9B836E32-804C-404D-B645-AA46CB4EE908}.Release|Any CPU.Build.0 = Release|Any CPU
	EndGlobalSection
	GlobalSection(SolutionProperties) = preSolution
		HideSolutionNode = FALSE
	EndGlobalSection
	GlobalSection(ExtensibilityGlobals) = postSolution
		SolutionGuid = {FA84F09B-61C2-4CC2-A53C-FB13F829DC9B}
	EndGlobalSection
EndGlobal
